
Microsoft Visual Studio Solution File, Format Version 12.00
# Visual Studio Version 17
VisualStudioVersion = 17.10.35122.118
MinimumVisualStudioVersion = 10.0.40219.1
Project("{9A19103F-16F7-4668-BE54-9A1E7A4F7556}") = "CryptoTracker", "CryptoTracker\CryptoTracker.csproj", "{E5614446-B488-4A6C-9E63-F7865F91D38E}"
EndProject
Global
	GlobalSection(SolutionConfigurationPlatforms) = preSolution
		Debug|Any CPU = Debug|Any CPU
		Release|Any CPU = Release|Any CPU
	EndGlobalSection
	GlobalSection(ProjectConfigurationPlatforms) = postSolution
		{E5614446-B488-4A6C-9E63-F7865F91D38E}.Debug|Any CPU.ActiveCfg = Debug|Any CPU
		{E5614446-B488-4A6C-9E63-F7865F91D38E}.Debug|Any CPU.Build.0 = Debug|Any CPU
		{E5614446-B488-4A6C-9E63-F7865F91D38E}.Release|Any CPU.ActiveCfg = Release|Any CPU
		{E5614446-B488-4A6C-9E63-F7865F91D38E}.Release|Any CPU.Build.0 = Release|Any CPU
	EndGlobalSection
	GlobalSection(SolutionProperties) = preSolution
		HideSolutionNode = FALSE
	EndGlobalSection
	GlobalSection(ExtensibilityGlobals) = postSolution
		SolutionGuid = {4603FB39-2E65-40FF-96BD-6B1B7F0E5EB4}
	EndGlobalSection
EndGlobal
